
Microsoft Visual Studio Solution File, Format Version 12.00
# Visual Studio 14
VisualStudioVersion = 14.0.23107.0
MinimumVisualStudioVersion = 10.0.40219.1
Project("{FAE04EC0-301F-11D3-BF4B-00C04F79EFBC}") = "ChiTietBienLai", "ChiTietBienLai\ChiTietBienLai.csproj", "{464AB1D8-08F2-49B7-92EF-B1282701627D}"
EndProject
Global
	GlobalSection(SolutionConfigurationPlatforms) = preSolution
		Debug|Any CPU = Debug|Any CPU
		Release|Any CPU = Release|Any CPU
	EndGlobalSection
	GlobalSection(ProjectConfigurationPlatforms) = postSolution
		{464AB1D8-08F2-49B7-92EF-B1282701627D}.Debug|Any CPU.ActiveCfg = Debug|Any CPU
		{464AB1D8-08F2-49B7-92EF-B1282701627D}.Debug|Any CPU.Build.0 = Debug|Any CPU
		{464AB1D8-08F2-49B7-92EF-B1282701627D}.Release|Any CPU.ActiveCfg = Release|Any CPU
		{464AB1D8-08F2-49B7-92EF-B1282701627D}.Release|Any CPU.Build.0 = Release|Any CPU
	EndGlobalSection
	GlobalSection(SolutionProperties) = preSolution
		HideSolutionNode = FALSE
	EndGlobalSection
EndGlobal
