
Microsoft Visual Studio Solution File, Format Version 12.00
# Visual Studio 14
VisualStudioVersion = 14.0.23107.0
MinimumVisualStudioVersion = 10.0.40219.1
Project("{FAE04EC0-301F-11D3-BF4B-00C04F79EFBC}") = "QLThuHocPhiSVnhom11", "QLThuHocPhiSVnhom11\QLThuHocPhiSVnhom11.csproj", "{982CEA06-E90C-4DA4-A91A-7A0828A3CB9A}"
EndProject
Global
	GlobalSection(SolutionConfigurationPlatforms) = preSolution
		Debug|Any CPU = Debug|Any CPU
		Release|Any CPU = Release|Any CPU
	EndGlobalSection
	GlobalSection(ProjectConfigurationPlatforms) = postSolution
		{982CEA06-E90C-4DA4-A91A-7A0828A3CB9A}.Debug|Any CPU.ActiveCfg = Debug|Any CPU
		{982CEA06-E90C-4DA4-A91A-7A0828A3CB9A}.Debug|Any CPU.Build.0 = Debug|Any CPU
		{982CEA06-E90C-4DA4-A91A-7A0828A3CB9A}.Release|Any CPU.ActiveCfg = Release|Any CPU
		{982CEA06-E90C-4DA4-A91A-7A0828A3CB9A}.Release|Any CPU.Build.0 = Release|Any CPU
	EndGlobalSection
	GlobalSection(SolutionProperties) = preSolution
		HideSolutionNode = FALSE
	EndGlobalSection
EndGlobal
